// !$*UTF8*$!
{
	archiveVersion = 1;
	classes = {
	};
	objectVersion = 56;
	objects = {

/* Begin PBXBuildFile section */
		030370312A2BECDD003D2F0C /* SDControlNet.swift in Sources */ = {isa = PBXBuildFile; fileRef = 030370302A2BECDD003D2F0C /* SDControlNet.swift */; };
		03061E6229AB9C06009AA2A2 /* FocusController.swift in Sources */ = {isa = PBXBuildFile; fileRef = 03061E6129AB9C06009AA2A2 /* FocusController.swift */; };
		0307B0DA294D4AE500A9BD55 /* FileCommands.swift in Sources */ = {isa = PBXBuildFile; fileRef = 0307B0D9294D4AE500A9BD55 /* FileCommands.swift */; };
		0311C69929899A660074BCAE /* Metadata.swift in Sources */ = {isa = PBXBuildFile; fileRef = 0311C69829899A660074BCAE /* Metadata.swift */; };
		0311C6BD2989E3EF0074BCAE /* Localizable.stringsdict in Resources */ = {isa = PBXBuildFile; fileRef = 0311C6BF2989E3EF0074BCAE /* Localizable.stringsdict */; };
		03173C112999D83600B03456 /* ImageGenerator.swift in Sources */ = {isa = PBXBuildFile; fileRef = 03173C102999D83600B03456 /* ImageGenerator.swift */; };
		03173C132999E2B500B03456 /* SDModel.swift in Sources */ = {isa = PBXBuildFile; fileRef = 03173C122999E2B500B03456 /* SDModel.swift */; };
		03173C152999F5C700B03456 /* ImageController.swift in Sources */ = {isa = PBXBuildFile; fileRef = 03173C142999F5C700B03456 /* ImageController.swift */; };
		03173C18299B3C1300B03456 /* ImageStore.swift in Sources */ = {isa = PBXBuildFile; fileRef = 03173C17299B3C1300B03456 /* ImageStore.swift */; };
		0328BCE92BA11DEB004B5AE0 /* SwiftFormat in Frameworks */ = {isa = PBXBuildFile; productRef = 0328BCE82BA11DEB004B5AE0 /* SwiftFormat */; };
		0352E2A5294E2591003FBF25 /* Sparkle in Frameworks */ = {isa = PBXBuildFile; productRef = 0352E2A4294E2591003FBF25 /* Sparkle */; };
		0352E2A7294E3148003FBF25 /* HelpCommands.swift in Sources */ = {isa = PBXBuildFile; fileRef = 0352E2A6294E3148003FBF25 /* HelpCommands.swift */; };
		0352E2AA294EA0E1003FBF25 /* AppView.swift in Sources */ = {isa = PBXBuildFile; fileRef = 0352E2A9294EA0E1003FBF25 /* AppView.swift */; };
		0352E2AE294EA2B4003FBF25 /* MessageBanner.swift in Sources */ = {isa = PBXBuildFile; fileRef = 0352E2AD294EA2B4003FBF25 /* MessageBanner.swift */; };
		0352E2B1294EA30D003FBF25 /* Extensions.swift in Sources */ = {isa = PBXBuildFile; fileRef = 0352E2B0294EA30D003FBF25 /* Extensions.swift */; };
		0352E2B5294EA887003FBF25 /* Functions.swift in Sources */ = {isa = PBXBuildFile; fileRef = 0352E2B4294EA887003FBF25 /* Functions.swift */; };
		035E76F42970E79A008DDFDE /* CVPixelBuffer+Resize.swift in Sources */ = {isa = PBXBuildFile; fileRef = 035E76F32970E79A008DDFDE /* CVPixelBuffer+Resize.swift */; };
		035E76F62970E809008DDFDE /* CVPixelBuffer+Create.swift in Sources */ = {isa = PBXBuildFile; fileRef = 035E76F52970E809008DDFDE /* CVPixelBuffer+Create.swift */; };
		035EDFF3295A1FBF00080D18 /* NumberOfImagesView.swift in Sources */ = {isa = PBXBuildFile; fileRef = 035EDFF2295A1FBF00080D18 /* NumberOfImagesView.swift */; };
		035EDFF8295A216500080D18 /* StepsView.swift in Sources */ = {isa = PBXBuildFile; fileRef = 035EDFF7295A216500080D18 /* StepsView.swift */; };
		035EDFFA295A219200080D18 /* GuidanceScaleView.swift in Sources */ = {isa = PBXBuildFile; fileRef = 035EDFF9295A219200080D18 /* GuidanceScaleView.swift */; };
		035EDFFC295A21D600080D18 /* SizeView.swift in Sources */ = {isa = PBXBuildFile; fileRef = 035EDFFB295A21D600080D18 /* SizeView.swift */; };
		035EDFFE295A220F00080D18 /* SeedView.swift in Sources */ = {isa = PBXBuildFile; fileRef = 035EDFFD295A220F00080D18 /* SeedView.swift */; };
		035EE000295A224900080D18 /* ModelView.swift in Sources */ = {isa = PBXBuildFile; fileRef = 035EDFFF295A224900080D18 /* ModelView.swift */; };
		036BFC22294B9F7500D8AD04 /* MochiDiffusionApp.swift in Sources */ = {isa = PBXBuildFile; fileRef = 036BFC21294B9F7500D8AD04 /* MochiDiffusionApp.swift */; };
		036BFC26294B9F7600D8AD04 /* Assets.xcassets in Resources */ = {isa = PBXBuildFile; fileRef = 036BFC25294B9F7600D8AD04 /* Assets.xcassets */; };
		036BFC29294B9F7600D8AD04 /* Preview Assets.xcassets in Resources */ = {isa = PBXBuildFile; fileRef = 036BFC28294B9F7600D8AD04 /* Preview Assets.xcassets */; };
		036BFC4E294B9FDB00D8AD04 /* Path in Frameworks */ = {isa = PBXBuildFile; productRef = 036BFC4D294B9FDB00D8AD04 /* Path */; };
		0373FF5429A9165600C0180F /* AppCommands.swift in Sources */ = {isa = PBXBuildFile; fileRef = 0373FF5329A9165600C0180F /* AppCommands.swift */; };
		0380934329AD504600EDBC8E /* StartingImageView.swift in Sources */ = {isa = PBXBuildFile; fileRef = 0380934229AD504600EDBC8E /* StartingImageView.swift */; };
		0386DF8B2950D29400CA4CEB /* InspectorView.swift in Sources */ = {isa = PBXBuildFile; fileRef = 0386DF8A2950D29400CA4CEB /* InspectorView.swift */; };
		0386DF8D2950F25500CA4CEB /* GalleryToolbarView.swift in Sources */ = {isa = PBXBuildFile; fileRef = 0386DF8C2950F25500CA4CEB /* GalleryToolbarView.swift */; };
		0388DEB0297B00FC008B1C1C /* CompactSlider in Frameworks */ = {isa = PBXBuildFile; productRef = 0388DEAF297B00FC008B1C1C /* CompactSlider */; };
		0395B3112995C70400465B73 /* Scheduler.swift in Sources */ = {isa = PBXBuildFile; fileRef = 0395B3102995C70400465B73 /* Scheduler.swift */; };
		03ADC8B9299581AF00B2843F /* StableDiffusion in Frameworks */ = {isa = PBXBuildFile; productRef = 03ADC8B8299581AF00B2843F /* StableDiffusion */; };
		03B1ACA8295167B900302F54 /* SettingsView.swift in Sources */ = {isa = PBXBuildFile; fileRef = 03B1ACA7295167B900302F54 /* SettingsView.swift */; };
		03CB9D18297399AE0041A4FA /* ImageCommands.swift in Sources */ = {isa = PBXBuildFile; fileRef = 03CB9D17297399AE0041A4FA /* ImageCommands.swift */; };
		03D280F2294FD60E00C7D184 /* PromptView.swift in Sources */ = {isa = PBXBuildFile; fileRef = 03D280F1294FD60E00C7D184 /* PromptView.swift */; };
		03D43B7829660A1300604911 /* GalleryView.swift in Sources */ = {isa = PBXBuildFile; fileRef = 03D43B7729660A1300604911 /* GalleryView.swift */; };
		03D43B7A29660A2600604911 /* GalleryItemView.swift in Sources */ = {isa = PBXBuildFile; fileRef = 03D43B7929660A2600604911 /* GalleryItemView.swift */; };
		03E075792968A153003488F9 /* CircularProgressView.swift in Sources */ = {isa = PBXBuildFile; fileRef = 03E075782968A153003488F9 /* CircularProgressView.swift */; };
		03E89F3C294FE6ED0067457E /* SDImage.swift in Sources */ = {isa = PBXBuildFile; fileRef = 03E89F3B294FE6ED0067457E /* SDImage.swift */; };
		03EA52CE297B66C800CDF661 /* SidebarView.swift in Sources */ = {isa = PBXBuildFile; fileRef = 03EA52CD297B66C800CDF661 /* SidebarView.swift */; };
		03F578642967CE9A003A815F /* Localizable.strings in Resources */ = {isa = PBXBuildFile; fileRef = 03F578622967CE9A003A815F /* Localizable.strings */; };
		03FD2319295F74B6006EEEE2 /* RealESRGAN.mlmodel in Sources */ = {isa = PBXBuildFile; fileRef = 03FD2318295F74B6006EEEE2 /* RealESRGAN.mlmodel */; };
		03FD231B295F7A81006EEEE2 /* Upscaler.swift in Sources */ = {isa = PBXBuildFile; fileRef = 03FD231A295F7A81006EEEE2 /* Upscaler.swift */; };
		58FF218829FAE96200A70C7C /* ControlNetView.swift in Sources */ = {isa = PBXBuildFile; fileRef = 58FF218729FAE96200A70C7C /* ControlNetView.swift */; };
		71D315162B2A584E007FFDEB /* NotificationController.swift in Sources */ = {isa = PBXBuildFile; fileRef = 71D315152B2A584E007FFDEB /* NotificationController.swift */; };
		9401BC6F2CB9E9E100F00DDE /* Filter.swift in Sources */ = {isa = PBXBuildFile; fileRef = 9401BC6E2CB9E9E100F00DDE /* Filter.swift */; };
		9401BC712CB9ECA500F00DDE /* FilterTagView.swift in Sources */ = {isa = PBXBuildFile; fileRef = 9401BC702CB9ECA500F00DDE /* FilterTagView.swift */; };
		9485F21C2CB97B53002623B7 /* FilterTextFieldView.swift in Sources */ = {isa = PBXBuildFile; fileRef = 9485F21B2CB97B53002623B7 /* FilterTextFieldView.swift */; };
		948853A52A543CB200B4AD86 /* GalleryPreviewView.swift in Sources */ = {isa = PBXBuildFile; fileRef = 948853A42A543CB200B4AD86 /* GalleryPreviewView.swift */; };
		9B7392C3298DEAC2006F03D5 /* Tokenizer.swift in Sources */ = {isa = PBXBuildFile; fileRef = 9B7392C2298DEAC2006F03D5 /* Tokenizer.swift */; };
		C116D4952AFC382E00314FE3 /* MochiSlider.swift in Sources */ = {isa = PBXBuildFile; fileRef = C116D4942AFC382E00314FE3 /* MochiSlider.swift */; };
		C11A03882B099D9600540F7F /* JobQueueView.swift in Sources */ = {isa = PBXBuildFile; fileRef = C11A03872B099D9600540F7F /* JobQueueView.swift */; };
		C1220FC02AFB122F007E5055 /* ImageWellView.swift in Sources */ = {isa = PBXBuildFile; fileRef = C1220FBF2AFB122F007E5055 /* ImageWellView.swift */; };
		C1ADEC2C2B16957800E142CA /* FolderMonitor.swift in Sources */ = {isa = PBXBuildFile; fileRef = C1ADEC2B2B16957800E142CA /* FolderMonitor.swift */; };
		D7B03F2029D42F9900DF89DD /* SDModelAttentionType.swift in Sources */ = {isa = PBXBuildFile; fileRef = D7B03F1F29D42F9900DF89DD /* SDModelAttentionType.swift */; };
/* End PBXBuildFile section */

/* Begin PBXFileReference section */
		030370302A2BECDD003D2F0C /* SDControlNet.swift */ = {isa = PBXFileReference; lastKnownFileType = sourcecode.swift; path = SDControlNet.swift; sourceTree = "<group>"; };
		03061E6129AB9C06009AA2A2 /* FocusController.swift */ = {isa = PBXFileReference; lastKnownFileType = sourcecode.swift; path = FocusController.swift; sourceTree = "<group>"; };
		0307B0D9294D4AE500A9BD55 /* FileCommands.swift */ = {isa = PBXFileReference; lastKnownFileType = sourcecode.swift; path = FileCommands.swift; sourceTree = "<group>"; };
		0311C69829899A660074BCAE /* Metadata.swift */ = {isa = PBXFileReference; lastKnownFileType = sourcecode.swift; path = Metadata.swift; sourceTree = "<group>"; };
		0311C6BE2989E3EF0074BCAE /* en */ = {isa = PBXFileReference; lastKnownFileType = text.plist.stringsdict; name = en; path = en.lproj/Localizable.stringsdict; sourceTree = "<group>"; };
		0316D7D52983468600340F0C /* es */ = {isa = PBXFileReference; lastKnownFileType = text.plist.strings; name = es; path = es.lproj/Localizable.strings; sourceTree = "<group>"; };
		03173C102999D83600B03456 /* ImageGenerator.swift */ = {isa = PBXFileReference; lastKnownFileType = sourcecode.swift; path = ImageGenerator.swift; sourceTree = "<group>"; };
		03173C122999E2B500B03456 /* SDModel.swift */ = {isa = PBXFileReference; lastKnownFileType = sourcecode.swift; path = SDModel.swift; sourceTree = "<group>"; };
		03173C142999F5C700B03456 /* ImageController.swift */ = {isa = PBXFileReference; lastKnownFileType = sourcecode.swift; path = ImageController.swift; sourceTree = "<group>"; };
		03173C17299B3C1300B03456 /* ImageStore.swift */ = {isa = PBXFileReference; lastKnownFileType = sourcecode.swift; path = ImageStore.swift; sourceTree = "<group>"; };
		031AC9D3296881F500F95E4B /* de */ = {isa = PBXFileReference; lastKnownFileType = text.plist.strings; name = de; path = de.lproj/Localizable.strings; sourceTree = "<group>"; };
		032535D72A6B905B00DF76A4 /* nl */ = {isa = PBXFileReference; lastKnownFileType = text.plist.strings; name = nl; path = nl.lproj/Localizable.strings; sourceTree = "<group>"; };
		032535D82A6B907B00DF76A4 /* pl */ = {isa = PBXFileReference; lastKnownFileType = text.plist.strings; name = pl; path = pl.lproj/Localizable.strings; sourceTree = "<group>"; };
		032535D92A6B90B100DF76A4 /* uk */ = {isa = PBXFileReference; lastKnownFileType = text.plist.strings; name = uk; path = uk.lproj/Localizable.strings; sourceTree = "<group>"; };
		03408EBD296B5A25001CBCC4 /* fi */ = {isa = PBXFileReference; lastKnownFileType = text.plist.strings; name = fi; path = fi.lproj/Localizable.strings; sourceTree = "<group>"; };
		0352D7BC2A69EA3C00206DE0 /* nb */ = {isa = PBXFileReference; lastKnownFileType = text.plist.strings; name = nb; path = nb.lproj/Localizable.strings; sourceTree = "<group>"; };
		0352E2A6294E3148003FBF25 /* HelpCommands.swift */ = {isa = PBXFileReference; lastKnownFileType = sourcecode.swift; path = HelpCommands.swift; sourceTree = "<group>"; };
		0352E2A8294E414D003FBF25 /* MochiDiffusionInfo.plist */ = {isa = PBXFileReference; lastKnownFileType = text.plist.xml; path = MochiDiffusionInfo.plist; sourceTree = SOURCE_ROOT; };
		0352E2A9294EA0E1003FBF25 /* AppView.swift */ = {isa = PBXFileReference; lastKnownFileType = sourcecode.swift; path = AppView.swift; sourceTree = "<group>"; };
		0352E2AD294EA2B4003FBF25 /* MessageBanner.swift */ = {isa = PBXFileReference; lastKnownFileType = sourcecode.swift; path = MessageBanner.swift; sourceTree = "<group>"; };
		0352E2B0294EA30D003FBF25 /* Extensions.swift */ = {isa = PBXFileReference; lastKnownFileType = sourcecode.swift; path = Extensions.swift; sourceTree = "<group>"; };
		0352E2B4294EA887003FBF25 /* Functions.swift */ = {isa = PBXFileReference; lastKnownFileType = sourcecode.swift; path = Functions.swift; sourceTree = "<group>"; };
		035E76F32970E79A008DDFDE /* CVPixelBuffer+Resize.swift */ = {isa = PBXFileReference; fileEncoding = 4; lastKnownFileType = sourcecode.swift; path = "CVPixelBuffer+Resize.swift"; sourceTree = "<group>"; };
		035E76F52970E809008DDFDE /* CVPixelBuffer+Create.swift */ = {isa = PBXFileReference; fileEncoding = 4; lastKnownFileType = sourcecode.swift; path = "CVPixelBuffer+Create.swift"; sourceTree = "<group>"; };
		035EDFF2295A1FBF00080D18 /* NumberOfImagesView.swift */ = {isa = PBXFileReference; lastKnownFileType = sourcecode.swift; path = NumberOfImagesView.swift; sourceTree = "<group>"; };
		035EDFF7295A216500080D18 /* StepsView.swift */ = {isa = PBXFileReference; lastKnownFileType = sourcecode.swift; path = StepsView.swift; sourceTree = "<group>"; };
		035EDFF9295A219200080D18 /* GuidanceScaleView.swift */ = {isa = PBXFileReference; lastKnownFileType = sourcecode.swift; path = GuidanceScaleView.swift; sourceTree = "<group>"; };
		035EDFFB295A21D600080D18 /* SizeView.swift */ = {isa = PBXFileReference; lastKnownFileType = sourcecode.swift; path = SizeView.swift; sourceTree = "<group>"; };
		035EDFFD295A220F00080D18 /* SeedView.swift */ = {isa = PBXFileReference; lastKnownFileType = sourcecode.swift; path = SeedView.swift; sourceTree = "<group>"; };
		035EDFFF295A224900080D18 /* ModelView.swift */ = {isa = PBXFileReference; lastKnownFileType = sourcecode.swift; path = ModelView.swift; sourceTree = "<group>"; };
		036BFC1E294B9F7500D8AD04 /* Mochi Diffusion.app */ = {isa = PBXFileReference; explicitFileType = wrapper.application; includeInIndex = 0; path = "Mochi Diffusion.app"; sourceTree = BUILT_PRODUCTS_DIR; };
		036BFC21294B9F7500D8AD04 /* MochiDiffusionApp.swift */ = {isa = PBXFileReference; lastKnownFileType = sourcecode.swift; path = MochiDiffusionApp.swift; sourceTree = "<group>"; };
		036BFC25294B9F7600D8AD04 /* Assets.xcassets */ = {isa = PBXFileReference; lastKnownFileType = folder.assetcatalog; path = Assets.xcassets; sourceTree = "<group>"; };
		036BFC28294B9F7600D8AD04 /* Preview Assets.xcassets */ = {isa = PBXFileReference; lastKnownFileType = folder.assetcatalog; path = "Preview Assets.xcassets"; sourceTree = "<group>"; };
		036BFC2A294B9F7600D8AD04 /* MochiDiffusion.entitlements */ = {isa = PBXFileReference; lastKnownFileType = text.plist.entitlements; path = MochiDiffusion.entitlements; sourceTree = "<group>"; };
		03732B72296948360042C8B1 /* ja */ = {isa = PBXFileReference; lastKnownFileType = text.plist.strings; name = ja; path = ja.lproj/Localizable.strings; sourceTree = "<group>"; };
		0373FF5329A9165600C0180F /* AppCommands.swift */ = {isa = PBXFileReference; lastKnownFileType = sourcecode.swift; path = AppCommands.swift; sourceTree = "<group>"; };
		0377877D297892B6002E3926 /* sv */ = {isa = PBXFileReference; lastKnownFileType = text.plist.strings; name = sv; path = sv.lproj/Localizable.strings; sourceTree = "<group>"; };
		0380934229AD504600EDBC8E /* StartingImageView.swift */ = {isa = PBXFileReference; lastKnownFileType = sourcecode.swift; path = StartingImageView.swift; sourceTree = "<group>"; };
		0386DF8A2950D29400CA4CEB /* InspectorView.swift */ = {isa = PBXFileReference; lastKnownFileType = sourcecode.swift; path = InspectorView.swift; sourceTree = "<group>"; };
		0386DF8C2950F25500CA4CEB /* GalleryToolbarView.swift */ = {isa = PBXFileReference; lastKnownFileType = sourcecode.swift; path = GalleryToolbarView.swift; sourceTree = "<group>"; };
		038994DB2985D111007F5A61 /* ru */ = {isa = PBXFileReference; lastKnownFileType = text.plist.strings; name = ru; path = ru.lproj/Localizable.strings; sourceTree = "<group>"; };
		0395B3102995C70400465B73 /* Scheduler.swift */ = {isa = PBXFileReference; lastKnownFileType = sourcecode.swift; path = Scheduler.swift; sourceTree = "<group>"; };
		039F4DBD296FB8450044F81A /* pt-BR */ = {isa = PBXFileReference; lastKnownFileType = text.plist.strings; name = "pt-BR"; path = "pt-BR.lproj/Localizable.strings"; sourceTree = "<group>"; };
		03B1ACA7295167B900302F54 /* SettingsView.swift */ = {isa = PBXFileReference; lastKnownFileType = sourcecode.swift; path = SettingsView.swift; sourceTree = "<group>"; };
		03BFB2FF296C684C005E849D /* it */ = {isa = PBXFileReference; lastKnownFileType = text.plist.strings; name = it; path = it.lproj/Localizable.strings; sourceTree = "<group>"; };
		03CB9D17297399AE0041A4FA /* ImageCommands.swift */ = {isa = PBXFileReference; lastKnownFileType = sourcecode.swift; path = ImageCommands.swift; sourceTree = "<group>"; };
		03D280F1294FD60E00C7D184 /* PromptView.swift */ = {isa = PBXFileReference; lastKnownFileType = sourcecode.swift; path = PromptView.swift; sourceTree = "<group>"; };
		03D3EFDA296DE647000ABA61 /* fr */ = {isa = PBXFileReference; lastKnownFileType = text.plist.strings; name = fr; path = fr.lproj/Localizable.strings; sourceTree = "<group>"; };
		03D43B7729660A1300604911 /* GalleryView.swift */ = {isa = PBXFileReference; lastKnownFileType = sourcecode.swift; path = GalleryView.swift; sourceTree = "<group>"; };
		03D43B7929660A2600604911 /* GalleryItemView.swift */ = {isa = PBXFileReference; lastKnownFileType = sourcecode.swift; path = GalleryItemView.swift; sourceTree = "<group>"; };
		03E075782968A153003488F9 /* CircularProgressView.swift */ = {isa = PBXFileReference; lastKnownFileType = sourcecode.swift; path = CircularProgressView.swift; sourceTree = "<group>"; };
		03E89F3B294FE6ED0067457E /* SDImage.swift */ = {isa = PBXFileReference; lastKnownFileType = sourcecode.swift; path = SDImage.swift; sourceTree = "<group>"; };
		03EA52CD297B66C800CDF661 /* SidebarView.swift */ = {isa = PBXFileReference; lastKnownFileType = sourcecode.swift; path = SidebarView.swift; sourceTree = "<group>"; };
		03F578632967CE9A003A815F /* ko */ = {isa = PBXFileReference; lastKnownFileType = text.plist.strings; name = ko; path = ko.lproj/Localizable.strings; sourceTree = "<group>"; };
		03F578682967DAE6003A815F /* zh-Hans */ = {isa = PBXFileReference; lastKnownFileType = text.plist.strings; name = "zh-Hans"; path = "zh-Hans.lproj/Localizable.strings"; sourceTree = "<group>"; };
		03F75CEC2979B3910071CD1C /* zh-Hant */ = {isa = PBXFileReference; lastKnownFileType = text.plist.strings; name = "zh-Hant"; path = "zh-Hant.lproj/Localizable.strings"; sourceTree = "<group>"; };
		03FD2318295F74B6006EEEE2 /* RealESRGAN.mlmodel */ = {isa = PBXFileReference; lastKnownFileType = file.mlmodel; path = RealESRGAN.mlmodel; sourceTree = "<group>"; };
		03FD231A295F7A81006EEEE2 /* Upscaler.swift */ = {isa = PBXFileReference; lastKnownFileType = sourcecode.swift; path = Upscaler.swift; sourceTree = "<group>"; };
		58FF218729FAE96200A70C7C /* ControlNetView.swift */ = {isa = PBXFileReference; lastKnownFileType = sourcecode.swift; path = ControlNetView.swift; sourceTree = "<group>"; };
		71D315152B2A584E007FFDEB /* NotificationController.swift */ = {isa = PBXFileReference; lastKnownFileType = sourcecode.swift; path = NotificationController.swift; sourceTree = "<group>"; };
		9401BC6E2CB9E9E100F00DDE /* Filter.swift */ = {isa = PBXFileReference; lastKnownFileType = sourcecode.swift; path = Filter.swift; sourceTree = "<group>"; };
		9401BC702CB9ECA500F00DDE /* FilterTagView.swift */ = {isa = PBXFileReference; lastKnownFileType = sourcecode.swift; path = FilterTagView.swift; sourceTree = "<group>"; };
		9485F21B2CB97B53002623B7 /* FilterTextFieldView.swift */ = {isa = PBXFileReference; lastKnownFileType = sourcecode.swift; path = FilterTextFieldView.swift; sourceTree = "<group>"; };
		948853A42A543CB200B4AD86 /* GalleryPreviewView.swift */ = {isa = PBXFileReference; fileEncoding = 4; lastKnownFileType = sourcecode.swift; path = GalleryPreviewView.swift; sourceTree = "<group>"; };
		9B7392C2298DEAC2006F03D5 /* Tokenizer.swift */ = {isa = PBXFileReference; lastKnownFileType = sourcecode.swift; path = Tokenizer.swift; sourceTree = "<group>"; };
		C116D4942AFC382E00314FE3 /* MochiSlider.swift */ = {isa = PBXFileReference; lastKnownFileType = sourcecode.swift; path = MochiSlider.swift; sourceTree = "<group>"; };
		C11A03872B099D9600540F7F /* JobQueueView.swift */ = {isa = PBXFileReference; lastKnownFileType = sourcecode.swift; path = JobQueueView.swift; sourceTree = "<group>"; };
		C1220FBF2AFB122F007E5055 /* ImageWellView.swift */ = {isa = PBXFileReference; lastKnownFileType = sourcecode.swift; path = ImageWellView.swift; sourceTree = "<group>"; };
		C1ADEC2B2B16957800E142CA /* FolderMonitor.swift */ = {isa = PBXFileReference; lastKnownFileType = sourcecode.swift; path = FolderMonitor.swift; sourceTree = "<group>"; };
		D7B03F1F29D42F9900DF89DD /* SDModelAttentionType.swift */ = {isa = PBXFileReference; lastKnownFileType = sourcecode.swift; path = SDModelAttentionType.swift; sourceTree = "<group>"; };
/* End PBXFileReference section */

/* Begin PBXFrameworksBuildPhase section */
		036BFC1B294B9F7500D8AD04 /* Frameworks */ = {
			isa = PBXFrameworksBuildPhase;
			buildActionMask = 2147483647;
			files = (
				036BFC4E294B9FDB00D8AD04 /* Path in Frameworks */,
				03ADC8B9299581AF00B2843F /* StableDiffusion in Frameworks */,
				0352E2A5294E2591003FBF25 /* Sparkle in Frameworks */,
				0328BCE92BA11DEB004B5AE0 /* SwiftFormat in Frameworks */,
				0388DEB0297B00FC008B1C1C /* CompactSlider in Frameworks */,
			);
			runOnlyForDeploymentPostprocessing = 0;
		};
/* End PBXFrameworksBuildPhase section */

/* Begin PBXGroup section */
		0307B0D8294D4A1D00A9BD55 /* Main Menu */ = {
			isa = PBXGroup;
			children = (
				0373FF5329A9165600C0180F /* AppCommands.swift */,
				0307B0D9294D4AE500A9BD55 /* FileCommands.swift */,
				03CB9D17297399AE0041A4FA /* ImageCommands.swift */,
				0352E2A6294E3148003FBF25 /* HelpCommands.swift */,
			);
			path = "Main Menu";
			sourceTree = "<group>";
		};
		0352E2AF294EA2F3003FBF25 /* Support */ = {
			isa = PBXGroup;
			children = (
				035E76F52970E809008DDFDE /* CVPixelBuffer+Create.swift */,
				035E76F32970E79A008DDFDE /* CVPixelBuffer+Resize.swift */,
				0352E2B0294EA30D003FBF25 /* Extensions.swift */,
				03061E6129AB9C06009AA2A2 /* FocusController.swift */,
				C1ADEC2B2B16957800E142CA /* FolderMonitor.swift */,
				0352E2B4294EA887003FBF25 /* Functions.swift */,
				03173C142999F5C700B03456 /* ImageController.swift */,
				03173C102999D83600B03456 /* ImageGenerator.swift */,
				9B7392C2298DEAC2006F03D5 /* Tokenizer.swift */,
				03FD231A295F7A81006EEEE2 /* Upscaler.swift */,
				71D315152B2A584E007FFDEB /* NotificationController.swift */,
			);
			path = Support;
			sourceTree = "<group>";
		};
		035EDFF1295A1F8F00080D18 /* SidebarControls */ = {
			isa = PBXGroup;
			children = (
				03D280F1294FD60E00C7D184 /* PromptView.swift */,
				0380934229AD504600EDBC8E /* StartingImageView.swift */,
				035EDFF2295A1FBF00080D18 /* NumberOfImagesView.swift */,
				035EDFF7295A216500080D18 /* StepsView.swift */,
				035EDFF9295A219200080D18 /* GuidanceScaleView.swift */,
				035EDFFD295A220F00080D18 /* SeedView.swift */,
				035EDFFF295A224900080D18 /* ModelView.swift */,
				58FF218729FAE96200A70C7C /* ControlNetView.swift */,
				035EDFFB295A21D600080D18 /* SizeView.swift */,
				C1220FBF2AFB122F007E5055 /* ImageWellView.swift */,
				C116D4942AFC382E00314FE3 /* MochiSlider.swift */,
			);
			path = SidebarControls;
			sourceTree = "<group>";
		};
		036BFC15294B9F7500D8AD04 = {
			isa = PBXGroup;
			children = (
				036BFC20294B9F7500D8AD04 /* Mochi Diffusion */,
				036BFC1F294B9F7500D8AD04 /* Products */,
			);
			sourceTree = "<group>";
		};
		036BFC1F294B9F7500D8AD04 /* Products */ = {
			isa = PBXGroup;
			children = (
				036BFC1E294B9F7500D8AD04 /* Mochi Diffusion.app */,
			);
			name = Products;
			sourceTree = "<group>";
		};
		036BFC20294B9F7500D8AD04 /* Mochi Diffusion */ = {
			isa = PBXGroup;
			children = (
				036BFC2A294B9F7600D8AD04 /* MochiDiffusion.entitlements */,
				0352E2A8294E414D003FBF25 /* MochiDiffusionInfo.plist */,
				036BFC21294B9F7500D8AD04 /* MochiDiffusionApp.swift */,
				03F578622967CE9A003A815F /* Localizable.strings */,
				0311C6BF2989E3EF0074BCAE /* Localizable.stringsdict */,
				0307B0D8294D4A1D00A9BD55 /* Main Menu */,
				0386DF8E29510D8700CA4CEB /* Model */,
				036BFC27294B9F7600D8AD04 /* Preview Content */,
				03F578492967B85D003A815F /* Resources */,
				0352E2AF294EA2F3003FBF25 /* Support */,
				036BFC5C294BA20A00D8AD04 /* Views */,
			);
			path = "Mochi Diffusion";
			sourceTree = "<group>";
		};
		036BFC27294B9F7600D8AD04 /* Preview Content */ = {
			isa = PBXGroup;
			children = (
				036BFC28294B9F7600D8AD04 /* Preview Assets.xcassets */,
			);
			path = "Preview Content";
			sourceTree = "<group>";
		};
		036BFC5C294BA20A00D8AD04 /* Views */ = {
			isa = PBXGroup;
			children = (
				035EDFF1295A1F8F00080D18 /* SidebarControls */,
				0352E2A9294EA0E1003FBF25 /* AppView.swift */,
				03E075782968A153003488F9 /* CircularProgressView.swift */,
				03D43B7929660A2600604911 /* GalleryItemView.swift */,
				948853A42A543CB200B4AD86 /* GalleryPreviewView.swift */,
				C11A03872B099D9600540F7F /* JobQueueView.swift */,
				0386DF8C2950F25500CA4CEB /* GalleryToolbarView.swift */,
				03D43B7729660A1300604911 /* GalleryView.swift */,
				0386DF8A2950D29400CA4CEB /* InspectorView.swift */,
				0352E2AD294EA2B4003FBF25 /* MessageBanner.swift */,
				03B1ACA7295167B900302F54 /* SettingsView.swift */,
				03EA52CD297B66C800CDF661 /* SidebarView.swift */,
				9485F21B2CB97B53002623B7 /* FilterTextFieldView.swift */,
				9401BC702CB9ECA500F00DDE /* FilterTagView.swift */,
			);
			path = Views;
			sourceTree = "<group>";
		};
		0386DF8E29510D8700CA4CEB /* Model */ = {
			isa = PBXGroup;
			children = (
				03173C17299B3C1300B03456 /* ImageStore.swift */,
				0311C69829899A660074BCAE /* Metadata.swift */,
				0395B3102995C70400465B73 /* Scheduler.swift */,
				030370302A2BECDD003D2F0C /* SDControlNet.swift */,
				03E89F3B294FE6ED0067457E /* SDImage.swift */,
				03173C122999E2B500B03456 /* SDModel.swift */,
				D7B03F1F29D42F9900DF89DD /* SDModelAttentionType.swift */,
				9401BC6E2CB9E9E100F00DDE /* Filter.swift */,
			);
			path = Model;
			sourceTree = "<group>";
		};
		03F578492967B85D003A815F /* Resources */ = {
			isa = PBXGroup;
			children = (
				036BFC25294B9F7600D8AD04 /* Assets.xcassets */,
				03FD2318295F74B6006EEEE2 /* RealESRGAN.mlmodel */,
			);
			path = Resources;
			sourceTree = "<group>";
		};
/* End PBXGroup section */

/* Begin PBXNativeTarget section */
		036BFC1D294B9F7500D8AD04 /* Mochi Diffusion */ = {
			isa = PBXNativeTarget;
			buildConfigurationList = 036BFC43294B9F7600D8AD04 /* Build configuration list for PBXNativeTarget "Mochi Diffusion" */;
			buildPhases = (
				03074A1C2971C90C004A15DB /* ShellScript */,
				036BFC1A294B9F7500D8AD04 /* Sources */,
				036BFC1B294B9F7500D8AD04 /* Frameworks */,
				036BFC1C294B9F7500D8AD04 /* Resources */,
			);
			buildRules = (
			);
			dependencies = (
			);
			name = "Mochi Diffusion";
			packageProductDependencies = (
				036BFC4D294B9FDB00D8AD04 /* Path */,
				0352E2A4294E2591003FBF25 /* Sparkle */,
				0388DEAF297B00FC008B1C1C /* CompactSlider */,
				03ADC8B8299581AF00B2843F /* StableDiffusion */,
				0328BCE82BA11DEB004B5AE0 /* SwiftFormat */,
			);
			productName = "Mochi Diffusion";
			productReference = 036BFC1E294B9F7500D8AD04 /* Mochi Diffusion.app */;
			productType = "com.apple.product-type.application";
		};
/* End PBXNativeTarget section */

/* Begin PBXProject section */
		036BFC16294B9F7500D8AD04 /* Project object */ = {
			isa = PBXProject;
			attributes = {
				BuildIndependentTargetsInParallel = 1;
				LastSwiftUpdateCheck = 1420;
				LastUpgradeCheck = 1540;
				TargetAttributes = {
					036BFC1D294B9F7500D8AD04 = {
						CreatedOnToolsVersion = 14.2;
					};
				};
			};
			buildConfigurationList = 036BFC19294B9F7500D8AD04 /* Build configuration list for PBXProject "Mochi Diffusion" */;
			compatibilityVersion = "Xcode 14.0";
			developmentRegion = en;
			hasScannedForEncodings = 0;
			knownRegions = (
				en,
				Base,
				ar,
				ca,
				"zh-HK",
				"zh-Hans",
				"zh-Hant",
				hr,
				cs,
				da,
				nl,
				fi,
				fr,
				"fr-CA",
				de,
				el,
				he,
				hi,
				hu,
				id,
				it,
				ja,
				ko,
				ms,
				nb,
				pl,
				"pt-BR",
				"pt-PT",
				ro,
				ru,
				sk,
				es,
				sv,
				th,
				tr,
				uk,
				vi,
			);
			mainGroup = 036BFC15294B9F7500D8AD04;
			packageReferences = (
				036BFC4C294B9FDB00D8AD04 /* XCRemoteSwiftPackageReference "Path.swift" */,
				0352E2A3294E2591003FBF25 /* XCRemoteSwiftPackageReference "Sparkle" */,
				0388DEAE297B00FC008B1C1C /* XCRemoteSwiftPackageReference "CompactSlider" */,
				03ADC8B7299581AF00B2843F /* XCRemoteSwiftPackageReference "ml-stable-diffusion" */,
				0328BCE72BA11DEA004B5AE0 /* XCRemoteSwiftPackageReference "swift-format" */,
			);
			productRefGroup = 036BFC1F294B9F7500D8AD04 /* Products */;
			projectDirPath = "";
			projectRoot = "";
			targets = (
				036BFC1D294B9F7500D8AD04 /* Mochi Diffusion */,
			);
		};
/* End PBXProject section */

/* Begin PBXResourcesBuildPhase section */
		036BFC1C294B9F7500D8AD04 /* Resources */ = {
			isa = PBXResourcesBuildPhase;
			buildActionMask = 2147483647;
			files = (
				036BFC29294B9F7600D8AD04 /* Preview Assets.xcassets in Resources */,
				03F578642967CE9A003A815F /* Localizable.strings in Resources */,
				0311C6BD2989E3EF0074BCAE /* Localizable.stringsdict in Resources */,
				036BFC26294B9F7600D8AD04 /* Assets.xcassets in Resources */,
			);
			runOnlyForDeploymentPostprocessing = 0;
		};
/* End PBXResourcesBuildPhase section */

/* Begin PBXShellScriptBuildPhase section */
		03074A1C2971C90C004A15DB /* ShellScript */ = {
			isa = PBXShellScriptBuildPhase;
			alwaysOutOfDate = 1;
			buildActionMask = 2147483647;
			files = (
			);
			inputFileListPaths = (
			);
			inputPaths = (
			);
			outputFileListPaths = (
			);
			outputPaths = (
			);
			runOnlyForDeploymentPostprocessing = 0;
			shellPath = /bin/sh;
			shellScript = "export PATH=\"$PATH:/opt/homebrew/bin\"\nif which swift-format > /dev/null; then\n  swift-format lint -s -p -r ./\nelse\n  echo \"warning: swift-format not installed, download from https://github.com/apple/swift-format\"\nfi\n";
		};
/* End PBXShellScriptBuildPhase section */

/* Begin PBXSourcesBuildPhase section */
		036BFC1A294B9F7500D8AD04 /* Sources */ = {
			isa = PBXSourcesBuildPhase;
			buildActionMask = 2147483647;
			files = (
				03E89F3C294FE6ED0067457E /* SDImage.swift in Sources */,
				035EDFF3295A1FBF00080D18 /* NumberOfImagesView.swift in Sources */,
				0386DF8D2950F25500CA4CEB /* GalleryToolbarView.swift in Sources */,
				035E76F42970E79A008DDFDE /* CVPixelBuffer+Resize.swift in Sources */,
				0352E2A7294E3148003FBF25 /* HelpCommands.swift in Sources */,
				03B1ACA8295167B900302F54 /* SettingsView.swift in Sources */,
				03173C18299B3C1300B03456 /* ImageStore.swift in Sources */,
				035EDFFC295A21D600080D18 /* SizeView.swift in Sources */,
				0395B3112995C70400465B73 /* Scheduler.swift in Sources */,
				0352E2AE294EA2B4003FBF25 /* MessageBanner.swift in Sources */,
				C116D4952AFC382E00314FE3 /* MochiSlider.swift in Sources */,
				0386DF8B2950D29400CA4CEB /* InspectorView.swift in Sources */,
				948853A52A543CB200B4AD86 /* GalleryPreviewView.swift in Sources */,
				9401BC6F2CB9E9E100F00DDE /* Filter.swift in Sources */,
				030370312A2BECDD003D2F0C /* SDControlNet.swift in Sources */,
				0373FF5429A9165600C0180F /* AppCommands.swift in Sources */,
				9485F21C2CB97B53002623B7 /* FilterTextFieldView.swift in Sources */,
				03D280F2294FD60E00C7D184 /* PromptView.swift in Sources */,
				03FD2319295F74B6006EEEE2 /* RealESRGAN.mlmodel in Sources */,
				035EE000295A224900080D18 /* ModelView.swift in Sources */,
				03E075792968A153003488F9 /* CircularProgressView.swift in Sources */,
				58FF218829FAE96200A70C7C /* ControlNetView.swift in Sources */,
				C11A03882B099D9600540F7F /* JobQueueView.swift in Sources */,
				C1ADEC2C2B16957800E142CA /* FolderMonitor.swift in Sources */,
				0352E2AA294EA0E1003FBF25 /* AppView.swift in Sources */,
				D7B03F2029D42F9900DF89DD /* SDModelAttentionType.swift in Sources */,
				0352E2B5294EA887003FBF25 /* Functions.swift in Sources */,
				03173C132999E2B500B03456 /* SDModel.swift in Sources */,
				0352E2B1294EA30D003FBF25 /* Extensions.swift in Sources */,
				9401BC712CB9ECA500F00DDE /* FilterTagView.swift in Sources */,
				03CB9D18297399AE0041A4FA /* ImageCommands.swift in Sources */,
				71D315162B2A584E007FFDEB /* NotificationController.swift in Sources */,
				035E76F62970E809008DDFDE /* CVPixelBuffer+Create.swift in Sources */,
				03173C112999D83600B03456 /* ImageGenerator.swift in Sources */,
				0311C69929899A660074BCAE /* Metadata.swift in Sources */,
				03D43B7829660A1300604911 /* GalleryView.swift in Sources */,
				03D43B7A29660A2600604911 /* GalleryItemView.swift in Sources */,
				035EDFF8295A216500080D18 /* StepsView.swift in Sources */,
				03061E6229AB9C06009AA2A2 /* FocusController.swift in Sources */,
				C1220FC02AFB122F007E5055 /* ImageWellView.swift in Sources */,
				03FD231B295F7A81006EEEE2 /* Upscaler.swift in Sources */,
				0380934329AD504600EDBC8E /* StartingImageView.swift in Sources */,
				03173C152999F5C700B03456 /* ImageController.swift in Sources */,
				036BFC22294B9F7500D8AD04 /* MochiDiffusionApp.swift in Sources */,
				03EA52CE297B66C800CDF661 /* SidebarView.swift in Sources */,
				9B7392C3298DEAC2006F03D5 /* Tokenizer.swift in Sources */,
				035EDFFE295A220F00080D18 /* SeedView.swift in Sources */,
				0307B0DA294D4AE500A9BD55 /* FileCommands.swift in Sources */,
				035EDFFA295A219200080D18 /* GuidanceScaleView.swift in Sources */,
			);
			runOnlyForDeploymentPostprocessing = 0;
		};
/* End PBXSourcesBuildPhase section */

/* Begin PBXVariantGroup section */
		0311C6BF2989E3EF0074BCAE /* Localizable.stringsdict */ = {
			isa = PBXVariantGroup;
			children = (
				0311C6BE2989E3EF0074BCAE /* en */,
			);
			name = Localizable.stringsdict;
			sourceTree = SOURCE_ROOT;
		};
		03F578622967CE9A003A815F /* Localizable.strings */ = {
			isa = PBXVariantGroup;
			children = (
				031AC9D3296881F500F95E4B /* de */,
				03732B72296948360042C8B1 /* ja */,
				03F578632967CE9A003A815F /* ko */,
				03F578682967DAE6003A815F /* zh-Hans */,
				03408EBD296B5A25001CBCC4 /* fi */,
				03BFB2FF296C684C005E849D /* it */,
				03D3EFDA296DE647000ABA61 /* fr */,
				039F4DBD296FB8450044F81A /* pt-BR */,
				0377877D297892B6002E3926 /* sv */,
				03F75CEC2979B3910071CD1C /* zh-Hant */,
				0316D7D52983468600340F0C /* es */,
				038994DB2985D111007F5A61 /* ru */,
				0352D7BC2A69EA3C00206DE0 /* nb */,
				032535D72A6B905B00DF76A4 /* nl */,
				032535D82A6B907B00DF76A4 /* pl */,
				032535D92A6B90B100DF76A4 /* uk */,
			);
			name = Localizable.strings;
			path = ..;
			sourceTree = "<group>";
		};
/* End PBXVariantGroup section */

/* Begin XCBuildConfiguration section */
		036BFC41294B9F7600D8AD04 /* Debug */ = {
			isa = XCBuildConfiguration;
			buildSettings = {
				ALWAYS_SEARCH_USER_PATHS = NO;
				ARCHS = arm64;
				CLANG_ANALYZER_LOCALIZABILITY_NONLOCALIZED = YES;
				CLANG_ANALYZER_NONNULL = YES;
				CLANG_ANALYZER_NUMBER_OBJECT_CONVERSION = YES_AGGRESSIVE;
				CLANG_CXX_LANGUAGE_STANDARD = "gnu++20";
				CLANG_ENABLE_MODULES = YES;
				CLANG_ENABLE_OBJC_ARC = YES;
				CLANG_ENABLE_OBJC_WEAK = YES;
				CLANG_WARN_BLOCK_CAPTURE_AUTORELEASING = YES;
				CLANG_WARN_BOOL_CONVERSION = YES;
				CLANG_WARN_COMMA = YES;
				CLANG_WARN_CONSTANT_CONVERSION = YES;
				CLANG_WARN_DEPRECATED_OBJC_IMPLEMENTATIONS = YES;
				CLANG_WARN_DIRECT_OBJC_ISA_USAGE = YES_ERROR;
				CLANG_WARN_DOCUMENTATION_COMMENTS = YES;
				CLANG_WARN_EMPTY_BODY = YES;
				CLANG_WARN_ENUM_CONVERSION = YES;
				CLANG_WARN_INFINITE_RECURSION = YES;
				CLANG_WARN_INT_CONVERSION = YES;
				CLANG_WARN_NON_LITERAL_NULL_CONVERSION = YES;
				CLANG_WARN_OBJC_IMPLICIT_RETAIN_SELF = YES;
				CLANG_WARN_OBJC_LITERAL_CONVERSION = YES;
				CLANG_WARN_OBJC_ROOT_CLASS = YES_ERROR;
				CLANG_WARN_QUOTED_INCLUDE_IN_FRAMEWORK_HEADER = YES;
				CLANG_WARN_RANGE_LOOP_ANALYSIS = YES;
				CLANG_WARN_STRICT_PROTOTYPES = YES;
				CLANG_WARN_SUSPICIOUS_MOVE = YES;
				CLANG_WARN_UNGUARDED_AVAILABILITY = YES_AGGRESSIVE;
				CLANG_WARN_UNREACHABLE_CODE = YES;
				CLANG_WARN__DUPLICATE_METHOD_MATCH = YES;
				COPY_PHASE_STRIP = NO;
				DEAD_CODE_STRIPPING = YES;
				DEBUG_INFORMATION_FORMAT = dwarf;
				ENABLE_STRICT_OBJC_MSGSEND = YES;
				ENABLE_TESTABILITY = YES;
				GCC_C_LANGUAGE_STANDARD = gnu17;
				GCC_DYNAMIC_NO_PIC = NO;
				GCC_NO_COMMON_BLOCKS = YES;
				GCC_OPTIMIZATION_LEVEL = 0;
				GCC_PREPROCESSOR_DEFINITIONS = (
					"DEBUG=1",
					"$(inherited)",
				);
				GCC_WARN_64_TO_32_BIT_CONVERSION = YES;
				GCC_WARN_ABOUT_RETURN_TYPE = YES_ERROR;
				GCC_WARN_UNDECLARED_SELECTOR = YES;
				GCC_WARN_UNINITIALIZED_AUTOS = YES_AGGRESSIVE;
				GCC_WARN_UNUSED_FUNCTION = YES;
				GCC_WARN_UNUSED_VARIABLE = YES;
				MACOSX_DEPLOYMENT_TARGET = 14.0;
				MTL_ENABLE_DEBUG_INFO = INCLUDE_SOURCE;
				MTL_FAST_MATH = YES;
				ONLY_ACTIVE_ARCH = YES;
				SDKROOT = macosx;
				SWIFT_ACTIVE_COMPILATION_CONDITIONS = DEBUG;
				SWIFT_EMIT_LOC_STRINGS = YES;
				SWIFT_OPTIMIZATION_LEVEL = "-Onone";
			};
			name = Debug;
		};
		036BFC42294B9F7600D8AD04 /* Release */ = {
			isa = XCBuildConfiguration;
			buildSettings = {
				ALWAYS_SEARCH_USER_PATHS = NO;
				ARCHS = arm64;
				CLANG_ANALYZER_LOCALIZABILITY_NONLOCALIZED = YES;
				CLANG_ANALYZER_NONNULL = YES;
				CLANG_ANALYZER_NUMBER_OBJECT_CONVERSION = YES_AGGRESSIVE;
				CLANG_CXX_LANGUAGE_STANDARD = "gnu++20";
				CLANG_ENABLE_MODULES = YES;
				CLANG_ENABLE_OBJC_ARC = YES;
				CLANG_ENABLE_OBJC_WEAK = YES;
				CLANG_WARN_BLOCK_CAPTURE_AUTORELEASING = YES;
				CLANG_WARN_BOOL_CONVERSION = YES;
				CLANG_WARN_COMMA = YES;
				CLANG_WARN_CONSTANT_CONVERSION = YES;
				CLANG_WARN_DEPRECATED_OBJC_IMPLEMENTATIONS = YES;
				CLANG_WARN_DIRECT_OBJC_ISA_USAGE = YES_ERROR;
				CLANG_WARN_DOCUMENTATION_COMMENTS = YES;
				CLANG_WARN_EMPTY_BODY = YES;
				CLANG_WARN_ENUM_CONVERSION = YES;
				CLANG_WARN_INFINITE_RECURSION = YES;
				CLANG_WARN_INT_CONVERSION = YES;
				CLANG_WARN_NON_LITERAL_NULL_CONVERSION = YES;
				CLANG_WARN_OBJC_IMPLICIT_RETAIN_SELF = YES;
				CLANG_WARN_OBJC_LITERAL_CONVERSION = YES;
				CLANG_WARN_OBJC_ROOT_CLASS = YES_ERROR;
				CLANG_WARN_QUOTED_INCLUDE_IN_FRAMEWORK_HEADER = YES;
				CLANG_WARN_RANGE_LOOP_ANALYSIS = YES;
				CLANG_WARN_STRICT_PROTOTYPES = YES;
				CLANG_WARN_SUSPICIOUS_MOVE = YES;
				CLANG_WARN_UNGUARDED_AVAILABILITY = YES_AGGRESSIVE;
				CLANG_WARN_UNREACHABLE_CODE = YES;
				CLANG_WARN__DUPLICATE_METHOD_MATCH = YES;
				COPY_PHASE_STRIP = NO;
				DEAD_CODE_STRIPPING = YES;
				DEBUG_INFORMATION_FORMAT = "dwarf-with-dsym";
				ENABLE_NS_ASSERTIONS = NO;
				ENABLE_STRICT_OBJC_MSGSEND = YES;
				GCC_C_LANGUAGE_STANDARD = gnu17;
				GCC_NO_COMMON_BLOCKS = YES;
				GCC_WARN_64_TO_32_BIT_CONVERSION = YES;
				GCC_WARN_ABOUT_RETURN_TYPE = YES_ERROR;
				GCC_WARN_UNDECLARED_SELECTOR = YES;
				GCC_WARN_UNINITIALIZED_AUTOS = YES_AGGRESSIVE;
				GCC_WARN_UNUSED_FUNCTION = YES;
				GCC_WARN_UNUSED_VARIABLE = YES;
				MACOSX_DEPLOYMENT_TARGET = 14.0;
				MTL_ENABLE_DEBUG_INFO = NO;
				MTL_FAST_MATH = YES;
				SDKROOT = macosx;
				SWIFT_COMPILATION_MODE = wholemodule;
				SWIFT_EMIT_LOC_STRINGS = YES;
				SWIFT_OPTIMIZATION_LEVEL = "-O";
			};
			name = Release;
		};
		036BFC44294B9F7600D8AD04 /* Debug */ = {
			isa = XCBuildConfiguration;
			buildSettings = {
				ASSETCATALOG_COMPILER_APPICON_NAME = AppIcon;
				ASSETCATALOG_COMPILER_GLOBAL_ACCENT_COLOR_NAME = AccentColor;
				CODE_SIGN_ENTITLEMENTS = "Mochi Diffusion/MochiDiffusion.entitlements";
				CODE_SIGN_IDENTITY = "Apple Development";
				CODE_SIGN_STYLE = Automatic;
				COMBINE_HIDPI_IMAGES = YES;
				CURRENT_PROJECT_VERSION = 5.2;
				DEAD_CODE_STRIPPING = YES;
				DEVELOPMENT_ASSET_PATHS = "\"Mochi Diffusion/Preview Content\"";
				DEVELOPMENT_TEAM = 9VV558X8J3;
				ENABLE_HARDENED_RUNTIME = YES;
				ENABLE_PREVIEWS = YES;
				GENERATE_INFOPLIST_FILE = YES;
				INFOPLIST_FILE = MochiDiffusionInfo.plist;
				INFOPLIST_KEY_CFBundleDisplayName = "Mochi Diffusion";
				INFOPLIST_KEY_LSApplicationCategoryType = "public.app-category.graphics-design";
				INFOPLIST_KEY_NSHumanReadableCopyright = "Graham Bing (2024-)\nJoshua Park (2022-2024)";
				LD_RUNPATH_SEARCH_PATHS = (
					"$(inherited)",
					"@executable_path/../Frameworks",
				);
				MARKETING_VERSION = 5.2;
				PRODUCT_BUNDLE_IDENTIFIER = "com.joshua-park.Mochi-Diffusion";
				PRODUCT_NAME = "$(TARGET_NAME)";
				PROVISIONING_PROFILE_SPECIFIER = "";
				SWIFT_EMIT_LOC_STRINGS = YES;
				SWIFT_VERSION = 5.0;
			};
			name = Debug;
		};
		036BFC45294B9F7600D8AD04 /* Release */ = {
			isa = XCBuildConfiguration;
			buildSettings = {
				ASSETCATALOG_COMPILER_APPICON_NAME = AppIcon;
				ASSETCATALOG_COMPILER_GLOBAL_ACCENT_COLOR_NAME = AccentColor;
				CODE_SIGN_ENTITLEMENTS = "Mochi Diffusion/MochiDiffusion.entitlements";
				CODE_SIGN_IDENTITY = "Apple Development";
				CODE_SIGN_STYLE = Automatic;
				COMBINE_HIDPI_IMAGES = YES;
				CURRENT_PROJECT_VERSION = 5.2;
				DEAD_CODE_STRIPPING = YES;
				DEVELOPMENT_ASSET_PATHS = "\"Mochi Diffusion/Preview Content\"";
				DEVELOPMENT_TEAM = 9VV558X8J3;
				ENABLE_HARDENED_RUNTIME = YES;
				ENABLE_PREVIEWS = YES;
				GENERATE_INFOPLIST_FILE = YES;
				INFOPLIST_FILE = MochiDiffusionInfo.plist;
				INFOPLIST_KEY_CFBundleDisplayName = "Mochi Diffusion";
				INFOPLIST_KEY_LSApplicationCategoryType = "public.app-category.graphics-design";
				INFOPLIST_KEY_NSHumanReadableCopyright = "Graham Bing (2024-)\nJoshua Park (2022-2024)";
				LD_RUNPATH_SEARCH_PATHS = (
					"$(inherited)",
					"@executable_path/../Frameworks",
				);
				MARKETING_VERSION = 5.2;
				PRODUCT_BUNDLE_IDENTIFIER = "com.joshua-park.Mochi-Diffusion";
				PRODUCT_NAME = "$(TARGET_NAME)";
				PROVISIONING_PROFILE_SPECIFIER = "";
				SWIFT_EMIT_LOC_STRINGS = YES;
				SWIFT_VERSION = 5.0;
			};
			name = Release;
		};
/* End XCBuildConfiguration section */

/* Begin XCConfigurationList section */
		036BFC19294B9F7500D8AD04 /* Build configuration list for PBXProject "Mochi Diffusion" */ = {
			isa = XCConfigurationList;
			buildConfigurations = (
				036BFC41294B9F7600D8AD04 /* Debug */,
				036BFC42294B9F7600D8AD04 /* Release */,
			);
			defaultConfigurationIsVisible = 0;
			defaultConfigurationName = Release;
		};
		036BFC43294B9F7600D8AD04 /* Build configuration list for PBXNativeTarget "Mochi Diffusion" */ = {
			isa = XCConfigurationList;
			buildConfigurations = (
				036BFC44294B9F7600D8AD04 /* Debug */,
				036BFC45294B9F7600D8AD04 /* Release */,
			);
			defaultConfigurationIsVisible = 0;
			defaultConfigurationName = Release;
		};
/* End XCConfigurationList section */

/* Begin XCRemoteSwiftPackageReference section */
		0328BCE72BA11DEA004B5AE0 /* XCRemoteSwiftPackageReference "swift-format" */ = {
			isa = XCRemoteSwiftPackageReference;
			repositoryURL = "https://github.com/apple/swift-format";
			requirement = {
				kind = upToNextMajorVersion;
				minimumVersion = 510.0.1;
			};
		};
		0352E2A3294E2591003FBF25 /* XCRemoteSwiftPackageReference "Sparkle" */ = {
			isa = XCRemoteSwiftPackageReference;
			repositoryURL = "https://github.com/sparkle-project/Sparkle";
			requirement = {
				kind = upToNextMajorVersion;
				minimumVersion = 2.0.0;
			};
		};
		036BFC4C294B9FDB00D8AD04 /* XCRemoteSwiftPackageReference "Path.swift" */ = {
			isa = XCRemoteSwiftPackageReference;
			repositoryURL = "https://github.com/mxcl/Path.swift.git";
			requirement = {
				kind = upToNextMajorVersion;
				minimumVersion = 1.0.0;
			};
		};
		0388DEAE297B00FC008B1C1C /* XCRemoteSwiftPackageReference "CompactSlider" */ = {
			isa = XCRemoteSwiftPackageReference;
			repositoryURL = "https://github.com/buh/CompactSlider.git";
			requirement = {
				kind = upToNextMajorVersion;
				minimumVersion = 1.0.0;
			};
		};
		03ADC8B7299581AF00B2843F /* XCRemoteSwiftPackageReference "ml-stable-diffusion" */ = {
			isa = XCRemoteSwiftPackageReference;
			repositoryURL = "https://github.com/apple/ml-stable-diffusion";
			requirement = {
				branch = main;
				kind = branch;
			};
		};
/* End XCRemoteSwiftPackageReference section */

/* Begin XCSwiftPackageProductDependency section */
		0328BCE82BA11DEB004B5AE0 /* SwiftFormat */ = {
			isa = XCSwiftPackageProductDependency;
			package = 0328BCE72BA11DEA004B5AE0 /* XCRemoteSwiftPackageReference "swift-format" */;
			productName = SwiftFormat;
		};
		0352E2A4294E2591003FBF25 /* Sparkle */ = {
			isa = XCSwiftPackageProductDependency;
			package = 0352E2A3294E2591003FBF25 /* XCRemoteSwiftPackageReference "Sparkle" */;
			productName = Sparkle;
		};
		036BFC4D294B9FDB00D8AD04 /* Path */ = {
			isa = XCSwiftPackageProductDependency;
			package = 036BFC4C294B9FDB00D8AD04 /* XCRemoteSwiftPackageReference "Path.swift" */;
			productName = Path;
		};
		0388DEAF297B00FC008B1C1C /* CompactSlider */ = {
			isa = XCSwiftPackageProductDependency;
			package = 0388DEAE297B00FC008B1C1C /* XCRemoteSwiftPackageReference "CompactSlider" */;
			productName = CompactSlider;
		};
		03ADC8B8299581AF00B2843F /* StableDiffusion */ = {
			isa = XCSwiftPackageProductDependency;
			package = 03ADC8B7299581AF00B2843F /* XCRemoteSwiftPackageReference "ml-stable-diffusion" */;
			productName = StableDiffusion;
		};
/* End XCSwiftPackageProductDependency section */
	};
	rootObject = 036BFC16294B9F7500D8AD04 /* Project object */;
}
